
Microsoft Visual Studio Solution File, Format Version 12.00
# Visual Studio Version 17
VisualStudioVersion = 17.11.35312.102
MinimumVisualStudioVersion = 10.0.40219.1
Project("{8BC9CEB8-8B4A-11D0-8D11-00A0C91BC942}") = "二位数组24-10-16", "二位数组24-10-16\二位数组24-10-16.vcxproj", "{A7125458-F867-4D19-8C2A-0AC04A862BC8}"
EndProject
Global
	GlobalSection(SolutionConfigurationPlatforms) = preSolution
		Debug|x64 = Debug|x64
		Debug|x86 = Debug|x86
		Release|x64 = Release|x64
		Release|x86 = Release|x86
	EndGlobalSection
	GlobalSection(ProjectConfigurationPlatforms) = postSolution
		{A7125458-F867-4D19-8C2A-0AC04A862BC8}.Debug|x64.ActiveCfg = Debug|x64
		{A7125458-F867-4D19-8C2A-0AC04A862BC8}.Debug|x64.Build.0 = Debug|x64
		{A7125458-F867-4D19-8C2A-0AC04A862BC8}.Debug|x86.ActiveCfg = Debug|Win32
		{A7125458-F867-4D19-8C2A-0AC04A862BC8}.Debug|x86.Build.0 = Debug|Win32
		{A7125458-F867-4D19-8C2A-0AC04A862BC8}.Release|x64.ActiveCfg = Release|x64
		{A7125458-F867-4D19-8C2A-0AC04A862BC8}.Release|x64.Build.0 = Release|x64
		{A7125458-F867-4D19-8C2A-0AC04A862BC8}.Release|x86.ActiveCfg = Release|Win32
		{A7125458-F867-4D19-8C2A-0AC04A862BC8}.Release|x86.Build.0 = Release|Win32
	EndGlobalSection
	GlobalSection(SolutionProperties) = preSolution
		HideSolutionNode = FALSE
	EndGlobalSection
	GlobalSection(ExtensibilityGlobals) = postSolution
		SolutionGuid = {E4F87E1D-FD90-49B1-84EB-C978B61B5F0B}
	EndGlobalSection
EndGlobal
